PODS:
  - BarcodeScanner (4.1.3)
  - Fiserv_QR_SDK (0.1.0):
    - BarcodeScanner (= 4.1.3)

DEPENDENCIES:
  - Fiserv_QR_SDK (from `../`)

SPEC REPOS:
  trunk:
    - BarcodeScanner

EXTERNAL SOURCES:
  Fiserv_QR_SDK:
    :path: "../"

SPEC CHECKSUMS:
  BarcodeScanner: fce1ad2b3f28286b1ab5091fe0979789618bee27
  Fiserv_QR_SDK: 19f06b6fb110dcd83b9fa994733c602ba5fb0df0

PODFILE CHECKSUM: 6d79566dd07f5869977d9bafcc84900dcaa09048

COCOAPODS: 1.15.2
